// !$*UTF8*$!
{
	archiveVersion = 1;
	classes = {
	};
	objectVersion = 46;
	objects = {

/* Begin PBXBuildFile section */
		20B54F641DA4C90C00A8FB85 /* main.cpp in Sources */ = {isa = PBXBuildFile; fileRef = 20B54F631DA4C90C00A8FB85 /* main.cpp */; };
		20B54F6C1DA4CA7A00A8FB85 /* wordFrequency.cpp in Sources */ = {isa = PBXBuildFile; fileRef = 20B54F6B1DA4CA7A00A8FB85 /* wordFrequency.cpp */; };
		20C4C09C1DACE3950019EC8F /* main.cpp in Sources */ = {isa = PBXBuildFile; fileRef = 20C4C09B1DACE3950019EC8F /* main.cpp */; };
		20C4C0A21DAD10FF0019EC8F /* libboost_unit_test_framework-mt.dylib in Frameworks */ = {isa = PBXBuildFile; fileRef = 20C4C0A11DAD10FE0019EC8F /* libboost_unit_test_framework-mt.dylib */; };
		20C4C0A41DAD11540019EC8F /* libboost_unit_test_framework.dylib in Frameworks */ = {isa = PBXBuildFile; fileRef = 20C4C0A31DAD11540019EC8F /* libboost_unit_test_framework.dylib */; };
		20C4C0A71DAD118D0019EC8F /* libboost_unit_test_framework-mt.a in Frameworks */ = {isa = PBXBuildFile; fileRef = 20C4C0A51DAD118D0019EC8F /* libboost_unit_test_framework-mt.a */; };
		20C4C0A81DAD118D0019EC8F /* libboost_unit_test_framework.a in Frameworks */ = {isa = PBXBuildFile; fileRef = 20C4C0A61DAD118D0019EC8F /* libboost_unit_test_framework.a */; };
		20C4C0AF1DAD1BB60019EC8F /* wordFrequency.cpp in Sources */ = {isa = PBXBuildFile; fileRef = 20B54F6B1DA4CA7A00A8FB85 /* wordFrequency.cpp */; };
/* End PBXBuildFile section */

/* Begin PBXContainerItemProxy section */
		20C4C0B61DAD34810019EC8F /* PBXContainerItemProxy */ = {
			isa = PBXContainerItemProxy;
			containerPortal = 20B54F581DA4C90C00A8FB85 /* Project object */;
			proxyType = 1;
			remoteGlobalIDString = 20B54F5F1DA4C90C00A8FB85;
			remoteInfo = wordsFrequency;
		};
/* End PBXContainerItemProxy section */

/* Begin PBXCopyFilesBuildPhase section */
		20B54F5E1DA4C90C00A8FB85 /* CopyFiles */ = {
			isa = PBXCopyFilesBuildPhase;
			buildActionMask = 2147483647;
			dstPath = /usr/share/man/man1/;
			dstSubfolderSpec = 0;
			files = (
			);
			runOnlyForDeploymentPostprocessing = 1;
		};
		20C4C0971DACE3940019EC8F /* CopyFiles */ = {
			isa = PBXCopyFilesBuildPhase;
			buildActionMask = 2147483647;
			dstPath = /usr/share/man/man1/;
			dstSubfolderSpec = 0;
			files = (
			);
			runOnlyForDeploymentPostprocessing = 1;
		};
/* End PBXCopyFilesBuildPhase section */

/* Begin PBXFileReference section */
		20B54F601DA4C90C00A8FB85 /* wordsFrequency */ = {isa = PBXFileReference; explicitFileType = "compiled.mach-o.executable"; includeInIndex = 0; path = wordsFrequency; sourceTree = BUILT_PRODUCTS_DIR; };
		20B54F631DA4C90C00A8FB85 /* main.cpp */ = {isa = PBXFileReference; lastKnownFileType = sourcecode.cpp.cpp; path = main.cpp; sourceTree = "<group>"; };
		20B54F6A1DA4C96700A8FB85 /* wordFrequency.hpp */ = {isa = PBXFileReference; lastKnownFileType = sourcecode.cpp.h; path = wordFrequency.hpp; sourceTree = "<group>"; };
		20B54F6B1DA4CA7A00A8FB85 /* wordFrequency.cpp */ = {isa = PBXFileReference; fileEncoding = 4; lastKnownFileType = sourcecode.cpp.cpp; path = wordFrequency.cpp; sourceTree = "<group>"; };
		20C4C0991DACE3940019EC8F /* wordsFrequencyTest */ = {isa = PBXFileReference; explicitFileType = "compiled.mach-o.executable"; includeInIndex = 0; path = wordsFrequencyTest; sourceTree = BUILT_PRODUCTS_DIR; };
		20C4C09B1DACE3950019EC8F /* main.cpp */ = {isa = PBXFileReference; lastKnownFileType = sourcecode.cpp.cpp; path = main.cpp; sourceTree = "<group>"; };
		20C4C0A11DAD10FE0019EC8F /* libboost_unit_test_framework-mt.dylib */ = {isa = PBXFileReference; lastKnownFileType = "compiled.mach-o.dylib"; name = "libboost_unit_test_framework-mt.dylib"; path = "../../../../boost/lib/libboost_unit_test_framework-mt.dylib"; sourceTree = "<group>"; };
		20C4C0A31DAD11540019EC8F /* libboost_unit_test_framework.dylib */ = {isa = PBXFileReference; lastKnownFileType = "compiled.mach-o.dylib"; name = libboost_unit_test_framework.dylib; path = ../../../../boost/lib/libboost_unit_test_framework.dylib; sourceTree = "<group>"; };
		20C4C0A51DAD118D0019EC8F /* libboost_unit_test_framework-mt.a */ = {isa = PBXFileReference; lastKnownFileType = archive.ar; name = "libboost_unit_test_framework-mt.a"; path = "../../../../boost/lib/libboost_unit_test_framework-mt.a"; sourceTree = "<group>"; };
		20C4C0A61DAD118D0019EC8F /* libboost_unit_test_framework.a */ = {isa = PBXFileReference; lastKnownFileType = archive.ar; name = libboost_unit_test_framework.a; path = ../../../../boost/lib/libboost_unit_test_framework.a; sourceTree = "<group>"; };
/* End PBXFileReference section */

/* Begin PBXFrameworksBuildPhase section */
		20B54F5D1DA4C90C00A8FB85 /* Frameworks */ = {
			isa = PBXFrameworksBuildPhase;
			buildActionMask = 2147483647;
			files = (
			);
			runOnlyForDeploymentPostprocessing = 0;
		};
		20C4C0961DACE3940019EC8F /* Frameworks */ = {
			isa = PBXFrameworksBuildPhase;
			buildActionMask = 2147483647;
			files = (
				20C4C0A71DAD118D0019EC8F /* libboost_unit_test_framework-mt.a in Frameworks */,
				20C4C0A81DAD118D0019EC8F /* libboost_unit_test_framework.a in Frameworks */,
				20C4C0A21DAD10FF0019EC8F /* libboost_unit_test_framework-mt.dylib in Frameworks */,
				20C4C0A41DAD11540019EC8F /* libboost_unit_test_framework.dylib in Frameworks */,
			);
			runOnlyForDeploymentPostprocessing = 0;
		};
/* End PBXFrameworksBuildPhase section */

/* Begin PBXGroup section */
		20B54F571DA4C90C00A8FB85 = {
			isa = PBXGroup;
			children = (
				20B54F621DA4C90C00A8FB85 /* wordsFrequency */,
				20C4C09A1DACE3940019EC8F /* wordsFrequencyTest */,
				20B54F611DA4C90C00A8FB85 /* Products */,
				20C4C0A01DAD10FD0019EC8F /* Frameworks */,
			);
			sourceTree = "<group>";
		};
		20B54F611DA4C90C00A8FB85 /* Products */ = {
			isa = PBXGroup;
			children = (
				20B54F601DA4C90C00A8FB85 /* wordsFrequency */,
				20C4C0991DACE3940019EC8F /* wordsFrequencyTest */,
			);
			name = Products;
			sourceTree = "<group>";
		};
		20B54F621DA4C90C00A8FB85 /* wordsFrequency */ = {
			isa = PBXGroup;
			children = (
				20B54F631DA4C90C00A8FB85 /* main.cpp */,
				20B54F6A1DA4C96700A8FB85 /* wordFrequency.hpp */,
				20B54F6B1DA4CA7A00A8FB85 /* wordFrequency.cpp */,
			);
			path = wordsFrequency;
			sourceTree = "<group>";
		};
		20C4C09A1DACE3940019EC8F /* wordsFrequencyTest */ = {
			isa = PBXGroup;
			children = (
				20C4C09B1DACE3950019EC8F /* main.cpp */,
			);
			path = wordsFrequencyTest;
			sourceTree = "<group>";
		};
		20C4C0A01DAD10FD0019EC8F /* Frameworks */ = {
			isa = PBXGroup;
			children = (
				20C4C0A51DAD118D0019EC8F /* libboost_unit_test_framework-mt.a */,
				20C4C0A61DAD118D0019EC8F /* libboost_unit_test_framework.a */,
				20C4C0A31DAD11540019EC8F /* libboost_unit_test_framework.dylib */,
				20C4C0A11DAD10FE0019EC8F /* libboost_unit_test_framework-mt.dylib */,
			);
			name = Frameworks;
			sourceTree = "<group>";
		};
/* End PBXGroup section */

/* Begin PBXNativeTarget section */
		20B54F5F1DA4C90C00A8FB85 /* wordsFrequency */ = {
			isa = PBXNativeTarget;
			buildConfigurationList = 20B54F671DA4C90C00A8FB85 /* Build configuration list for PBXNativeTarget "wordsFrequency" */;
			buildPhases = (
				20B54F5C1DA4C90C00A8FB85 /* Sources */,
				20B54F5D1DA4C90C00A8FB85 /* Frameworks */,
				20B54F5E1DA4C90C00A8FB85 /* CopyFiles */,
			);
			buildRules = (
			);
			dependencies = (
			);
			name = wordsFrequency;
			productName = wordsFrequency;
			productReference = 20B54F601DA4C90C00A8FB85 /* wordsFrequency */;
			productType = "com.apple.product-type.tool";
		};
		20C4C0981DACE3940019EC8F /* wordsFrequencyTest */ = {
			isa = PBXNativeTarget;
			buildConfigurationList = 20C4C09D1DACE3950019EC8F /* Build configuration list for PBXNativeTarget "wordsFrequencyTest" */;
			buildPhases = (
				20C4C0951DACE3940019EC8F /* Sources */,
				20C4C0961DACE3940019EC8F /* Frameworks */,
				20C4C0971DACE3940019EC8F /* CopyFiles */,
			);
			buildRules = (
			);
			dependencies = (
				20C4C0B71DAD34810019EC8F /* PBXTargetDependency */,
			);
			name = wordsFrequencyTest;
			productName = wordsFrequencyTest;
			productReference = 20C4C0991DACE3940019EC8F /* wordsFrequencyTest */;
			productType = "com.apple.product-type.tool";
		};
/* End PBXNativeTarget section */

/* Begin PBXProject section */
		20B54F581DA4C90C00A8FB85 /* Project object */ = {
			isa = PBXProject;
			attributes = {
				LastSwiftUpdateCheck = 0800;
				LastUpgradeCheck = 0800;
				ORGANIZATIONNAME = "Иван Калагин";
				TargetAttributes = {
					20B54F5F1DA4C90C00A8FB85 = {
						CreatedOnToolsVersion = 8.0;
						ProvisioningStyle = Automatic;
					};
					20C4C0981DACE3940019EC8F = {
						CreatedOnToolsVersion = 8.0;
						ProvisioningStyle = Automatic;
					};
				};
			};
			buildConfigurationList = 20B54F5B1DA4C90C00A8FB85 /* Build configuration list for PBXProject "wordsFrequency" */;
			compatibilityVersion = "Xcode 3.2";
			developmentRegion = English;
			hasScannedForEncodings = 0;
			knownRegions = (
				en,
			);
			mainGroup = 20B54F571DA4C90C00A8FB85;
			productRefGroup = 20B54F611DA4C90C00A8FB85 /* Products */;
			projectDirPath = "";
			projectRoot = "";
			targets = (
				20B54F5F1DA4C90C00A8FB85 /* wordsFrequency */,
				20C4C0981DACE3940019EC8F /* wordsFrequencyTest */,
			);
		};
/* End PBXProject section */

/* Begin PBXSourcesBuildPhase section */
		20B54F5C1DA4C90C00A8FB85 /* Sources */ = {
			isa = PBXSourcesBuildPhase;
			buildActionMask = 2147483647;
			files = (
				20B54F6C1DA4CA7A00A8FB85 /* wordFrequency.cpp in Sources */,
				20B54F641DA4C90C00A8FB85 /* main.cpp in Sources */,
			);
			runOnlyForDeploymentPostprocessing = 0;
		};
		20C4C0951DACE3940019EC8F /* Sources */ = {
			isa = PBXSourcesBuildPhase;
			buildActionMask = 2147483647;
			files = (
				20C4C0AF1DAD1BB60019EC8F /* wordFrequency.cpp in Sources */,
				20C4C09C1DACE3950019EC8F /* main.cpp in Sources */,
			);
			runOnlyForDeploymentPostprocessing = 0;
		};
/* End PBXSourcesBuildPhase section */

/* Begin PBXTargetDependency section */
		20C4C0B71DAD34810019EC8F /* PBXTargetDependency */ = {
			isa = PBXTargetDependency;
			target = 20B54F5F1DA4C90C00A8FB85 /* wordsFrequency */;
			targetProxy = 20C4C0B61DAD34810019EC8F /* PBXContainerItemProxy */;
		};
/* End PBXTargetDependency section */

/* Begin XCBuildConfiguration section */
		20B54F651DA4C90C00A8FB85 /* Debug */ = {
			isa = XCBuildConfiguration;
			buildSettings = {
				ALWAYS_SEARCH_USER_PATHS = NO;
				CLANG_ANALYZER_NONNULL = YES;
				CLANG_CXX_LANGUAGE_STANDARD = "gnu++0x";
				CLANG_CXX_LIBRARY = "libc++";
				CLANG_ENABLE_MODULES = YES;
				CLANG_ENABLE_OBJC_ARC = YES;
				CLANG_WARN_BOOL_CONVERSION = YES;
				CLANG_WARN_CONSTANT_CONVERSION = YES;
				CLANG_WARN_DIRECT_OBJC_ISA_USAGE = YES_ERROR;
				CLANG_WARN_DOCUMENTATION_COMMENTS = YES;
				CLANG_WARN_EMPTY_BODY = YES;
				CLANG_WARN_ENUM_CONVERSION = YES;
				CLANG_WARN_INFINITE_RECURSION = YES;
				CLANG_WARN_INT_CONVERSION = YES;
				CLANG_WARN_OBJC_ROOT_CLASS = YES_ERROR;
				CLANG_WARN_SUSPICIOUS_MOVES = YES;
				CLANG_WARN_UNREACHABLE_CODE = YES;
				CLANG_WARN__DUPLICATE_METHOD_MATCH = YES;
				CODE_SIGN_IDENTITY = "-";
				COPY_PHASE_STRIP = NO;
				DEBUG_INFORMATION_FORMAT = dwarf;
				ENABLE_STRICT_OBJC_MSGSEND = YES;
				ENABLE_TESTABILITY = YES;
				GCC_C_LANGUAGE_STANDARD = gnu99;
				GCC_DYNAMIC_NO_PIC = NO;
				GCC_NO_COMMON_BLOCKS = YES;
				GCC_OPTIMIZATION_LEVEL = 0;
				GCC_PREPROCESSOR_DEFINITIONS = (
					"DEBUG=1",
					"$(inherited)",
				);
				GCC_WARN_64_TO_32_BIT_CONVERSION = YES;
				GCC_WARN_ABOUT_RETURN_TYPE = YES_ERROR;
				GCC_WARN_UNDECLARED_SELECTOR = YES;
				GCC_WARN_UNINITIALIZED_AUTOS = YES_AGGRESSIVE;
				GCC_WARN_UNUSED_FUNCTION = YES;
				GCC_WARN_UNUSED_VARIABLE = YES;
				HEADER_SEARCH_PATHS = /usr/local/Cellar/boost/1.61.0_1/include;
				"HEADER_SEARCH_PATHS[arch=*]" = "";
				MACOSX_DEPLOYMENT_TARGET = 10.11;
				MTL_ENABLE_DEBUG_INFO = YES;
				ONLY_ACTIVE_ARCH = YES;
				SDKROOT = macosx;
			};
			name = Debug;
		};
		20B54F661DA4C90C00A8FB85 /* Release */ = {
			isa = XCBuildConfiguration;
			buildSettings = {
				ALWAYS_SEARCH_USER_PATHS = NO;
				CLANG_ANALYZER_NONNULL = YES;
				CLANG_CXX_LANGUAGE_STANDARD = "gnu++0x";
				CLANG_CXX_LIBRARY = "libc++";
				CLANG_ENABLE_MODULES = YES;
				CLANG_ENABLE_OBJC_ARC = YES;
				CLANG_WARN_BOOL_CONVERSION = YES;
				CLANG_WARN_CONSTANT_CONVERSION = YES;
				CLANG_WARN_DIRECT_OBJC_ISA_USAGE = YES_ERROR;
				CLANG_WARN_DOCUMENTATION_COMMENTS = YES;
				CLANG_WARN_EMPTY_BODY = YES;
				CLANG_WARN_ENUM_CONVERSION = YES;
				CLANG_WARN_INFINITE_RECURSION = YES;
				CLANG_WARN_INT_CONVERSION = YES;
				CLANG_WARN_OBJC_ROOT_CLASS = YES_ERROR;
				CLANG_WARN_SUSPICIOUS_MOVES = YES;
				CLANG_WARN_UNREACHABLE_CODE = YES;
				CLANG_WARN__DUPLICATE_METHOD_MATCH = YES;
				CODE_SIGN_IDENTITY = "-";
				COPY_PHASE_STRIP = NO;
				DEBUG_INFORMATION_FORMAT = "dwarf-with-dsym";
				ENABLE_NS_ASSERTIONS = NO;
				ENABLE_STRICT_OBJC_MSGSEND = YES;
				GCC_C_LANGUAGE_STANDARD = gnu99;
				GCC_NO_COMMON_BLOCKS = YES;
				GCC_WARN_64_TO_32_BIT_CONVERSION = YES;
				GCC_WARN_ABOUT_RETURN_TYPE = YES_ERROR;
				GCC_WARN_UNDECLARED_SELECTOR = YES;
				GCC_WARN_UNINITIALIZED_AUTOS = YES_AGGRESSIVE;
				GCC_WARN_UNUSED_FUNCTION = YES;
				GCC_WARN_UNUSED_VARIABLE = YES;
				MACOSX_DEPLOYMENT_TARGET = 10.11;
				MTL_ENABLE_DEBUG_INFO = NO;
				SDKROOT = macosx;
			};
			name = Release;
		};
		20B54F681DA4C90C00A8FB85 /* Debug */ = {
			isa = XCBuildConfiguration;
			buildSettings = {
				"HEADER_SEARCH_PATHS[arch=*]" = /usr/local/Cellar/boost/1.61.0_1/include;
				PRODUCT_NAME = "$(TARGET_NAME)";
			};
			name = Debug;
		};
		20B54F691DA4C90C00A8FB85 /* Release */ = {
			isa = XCBuildConfiguration;
			buildSettings = {
				PRODUCT_NAME = "$(TARGET_NAME)";
			};
			name = Release;
		};
		20C4C09E1DACE3950019EC8F /* Debug */ = {
			isa = XCBuildConfiguration;
			buildSettings = {
				ALWAYS_SEARCH_USER_PATHS = NO;
				HEADER_SEARCH_PATHS = "";
				"HEADER_SEARCH_PATHS[arch=*]" = /usr/local/Cellar/boost/1.61.0_1/include;
				LIBRARY_SEARCH_PATHS = /usr/local/Cellar/boost/1.61.0_1/lib/;
				PRODUCT_NAME = "$(TARGET_NAME)";
			};
			name = Debug;
		};
		20C4C09F1DACE3950019EC8F /* Release */ = {
			isa = XCBuildConfiguration;
			buildSettings = {
				ALWAYS_SEARCH_USER_PATHS = NO;
				LIBRARY_SEARCH_PATHS = /usr/local/Cellar/boost/1.61.0_1/lib/;
				PRODUCT_NAME = "$(TARGET_NAME)";
			};
			name = Release;
		};
/* End XCBuildConfiguration section */

/* Begin XCConfigurationList section */
		20B54F5B1DA4C90C00A8FB85 /* Build configuration list for PBXProject "wordsFrequency" */ = {
			isa = XCConfigurationList;
			buildConfigurations = (
				20B54F651DA4C90C00A8FB85 /* Debug */,
				20B54F661DA4C90C00A8FB85 /* Release */,
			);
			defaultConfigurationIsVisible = 0;
			defaultConfigurationName = Release;
		};
		20B54F671DA4C90C00A8FB85 /* Build configuration list for PBXNativeTarget "wordsFrequency" */ = {
			isa = XCConfigurationList;
			buildConfigurations = (
				20B54F681DA4C90C00A8FB85 /* Debug */,
				20B54F691DA4C90C00A8FB85 /* Release */,
			);
			defaultConfigurationIsVisible = 0;
			defaultConfigurationName = Release;
		};
		20C4C09D1DACE3950019EC8F /* Build configuration list for PBXNativeTarget "wordsFrequencyTest" */ = {
			isa = XCConfigurationList;
			buildConfigurations = (
				20C4C09E1DACE3950019EC8F /* Debug */,
				20C4C09F1DACE3950019EC8F /* Release */,
			);
			defaultConfigurationIsVisible = 0;
			defaultConfigurationName = Release;
		};
/* End XCConfigurationList section */
	};
	rootObject = 20B54F581DA4C90C00A8FB85 /* Project object */;
}
