// !$*UTF8*$!
{
	archiveVersion = 1;
	classes = {
	};
	objectVersion = 46;
	objects = {

/* Begin PBXBuildFile section */
		2008A5B61DBFD58E0043B1CF /* main.cpp in Sources */ = {isa = PBXBuildFile; fileRef = 2008A5B51DBFD58E0043B1CF /* main.cpp */; };
		2008A5C31DBFD7790043B1CF /* testCarClass.cpp in Sources */ = {isa = PBXBuildFile; fileRef = 2008A5C21DBFD7790043B1CF /* testCarClass.cpp */; };
		2008A5CC1DBFD7FB0043B1CF /* libboost_unit_test_framework-mt.a in Frameworks */ = {isa = PBXBuildFile; fileRef = 2008A5C81DBFD7FB0043B1CF /* libboost_unit_test_framework-mt.a */; };
		2008A5CD1DBFD7FB0043B1CF /* libboost_unit_test_framework-mt.dylib in Frameworks */ = {isa = PBXBuildFile; fileRef = 2008A5C91DBFD7FB0043B1CF /* libboost_unit_test_framework-mt.dylib */; };
		2008A5CE1DBFD7FB0043B1CF /* libboost_unit_test_framework.a in Frameworks */ = {isa = PBXBuildFile; fileRef = 2008A5CA1DBFD7FB0043B1CF /* libboost_unit_test_framework.a */; };
		2008A5CF1DBFD7FB0043B1CF /* libboost_unit_test_framework.dylib in Frameworks */ = {isa = PBXBuildFile; fileRef = 2008A5CB1DBFD7FB0043B1CF /* libboost_unit_test_framework.dylib */; };
		2008A5D21DBFDD370043B1CF /* Car.cpp in Sources */ = {isa = PBXBuildFile; fileRef = 2008A5D11DBFDD370043B1CF /* Car.cpp */; };
		2008A5D31DBFDD370043B1CF /* Car.cpp in Sources */ = {isa = PBXBuildFile; fileRef = 2008A5D11DBFDD370043B1CF /* Car.cpp */; };
		20628A6B1DD2676D00E3896E /* CarControl.cpp in Sources */ = {isa = PBXBuildFile; fileRef = 20628A691DD2676D00E3896E /* CarControl.cpp */; };
		20628A6E1DD267D400E3896E /* CarControl.cpp in Sources */ = {isa = PBXBuildFile; fileRef = 20628A691DD2676D00E3896E /* CarControl.cpp */; };
		20628A7A1DD2775E00E3896E /* Car.cpp in Sources */ = {isa = PBXBuildFile; fileRef = 2008A5D11DBFDD370043B1CF /* Car.cpp */; };
		20628A7B1DD2775E00E3896E /* CarControl.cpp in Sources */ = {isa = PBXBuildFile; fileRef = 20628A691DD2676D00E3896E /* CarControl.cpp */; };
		20628A7C1DD2777400E3896E /* testCarControl.cpp in Sources */ = {isa = PBXBuildFile; fileRef = 20628A6C1DD267C800E3896E /* testCarControl.cpp */; };
		20628A7D1DD277A000E3896E /* libboost_unit_test_framework-mt.a in Frameworks */ = {isa = PBXBuildFile; fileRef = 2008A5C81DBFD7FB0043B1CF /* libboost_unit_test_framework-mt.a */; };
		20628A7E1DD277A000E3896E /* libboost_unit_test_framework-mt.dylib in Frameworks */ = {isa = PBXBuildFile; fileRef = 2008A5C91DBFD7FB0043B1CF /* libboost_unit_test_framework-mt.dylib */; };
		20628A7F1DD277A000E3896E /* libboost_unit_test_framework.a in Frameworks */ = {isa = PBXBuildFile; fileRef = 2008A5CA1DBFD7FB0043B1CF /* libboost_unit_test_framework.a */; };
		20628A801DD277A000E3896E /* libboost_unit_test_framework.dylib in Frameworks */ = {isa = PBXBuildFile; fileRef = 2008A5CB1DBFD7FB0043B1CF /* libboost_unit_test_framework.dylib */; };
/* End PBXBuildFile section */

/* Begin PBXCopyFilesBuildPhase section */
		2008A5B01DBFD58E0043B1CF /* CopyFiles */ = {
			isa = PBXCopyFilesBuildPhase;
			buildActionMask = 2147483647;
			dstPath = /usr/share/man/man1/;
			dstSubfolderSpec = 0;
			files = (
			);
			runOnlyForDeploymentPostprocessing = 1;
		};
		2008A5BE1DBFD7780043B1CF /* CopyFiles */ = {
			isa = PBXCopyFilesBuildPhase;
			buildActionMask = 2147483647;
			dstPath = /usr/share/man/man1/;
			dstSubfolderSpec = 0;
			files = (
			);
			runOnlyForDeploymentPostprocessing = 1;
		};
		20628A711DD2758400E3896E /* CopyFiles */ = {
			isa = PBXCopyFilesBuildPhase;
			buildActionMask = 2147483647;
			dstPath = /usr/share/man/man1/;
			dstSubfolderSpec = 0;
			files = (
			);
			runOnlyForDeploymentPostprocessing = 1;
		};
/* End PBXCopyFilesBuildPhase section */

/* Begin PBXFileReference section */
		2008A5B21DBFD58E0043B1CF /* CarClass */ = {isa = PBXFileReference; explicitFileType = "compiled.mach-o.executable"; includeInIndex = 0; path = CarClass; sourceTree = BUILT_PRODUCTS_DIR; };
		2008A5B51DBFD58E0043B1CF /* main.cpp */ = {isa = PBXFileReference; lastKnownFileType = sourcecode.cpp.cpp; path = main.cpp; sourceTree = "<group>"; };
		2008A5C01DBFD7780043B1CF /* CarClassTesting */ = {isa = PBXFileReference; explicitFileType = "compiled.mach-o.executable"; includeInIndex = 0; path = CarClassTesting; sourceTree = BUILT_PRODUCTS_DIR; };
		2008A5C21DBFD7790043B1CF /* testCarClass.cpp */ = {isa = PBXFileReference; lastKnownFileType = sourcecode.cpp.cpp; path = testCarClass.cpp; sourceTree = "<group>"; };
		2008A5C81DBFD7FB0043B1CF /* libboost_unit_test_framework-mt.a */ = {isa = PBXFileReference; lastKnownFileType = archive.ar; name = "libboost_unit_test_framework-mt.a"; path = "../../../../boost/lib/libboost_unit_test_framework-mt.a"; sourceTree = "<group>"; };
		2008A5C91DBFD7FB0043B1CF /* libboost_unit_test_framework-mt.dylib */ = {isa = PBXFileReference; lastKnownFileType = "compiled.mach-o.dylib"; name = "libboost_unit_test_framework-mt.dylib"; path = "../../../../boost/lib/libboost_unit_test_framework-mt.dylib"; sourceTree = "<group>"; };
		2008A5CA1DBFD7FB0043B1CF /* libboost_unit_test_framework.a */ = {isa = PBXFileReference; lastKnownFileType = archive.ar; name = libboost_unit_test_framework.a; path = ../../../../boost/lib/libboost_unit_test_framework.a; sourceTree = "<group>"; };
		2008A5CB1DBFD7FB0043B1CF /* libboost_unit_test_framework.dylib */ = {isa = PBXFileReference; lastKnownFileType = "compiled.mach-o.dylib"; name = libboost_unit_test_framework.dylib; path = ../../../../boost/lib/libboost_unit_test_framework.dylib; sourceTree = "<group>"; };
		2008A5D01DBFD85A0043B1CF /* Car.h */ = {isa = PBXFileReference; lastKnownFileType = sourcecode.c.h; path = Car.h; sourceTree = "<group>"; };
		2008A5D11DBFDD370043B1CF /* Car.cpp */ = {isa = PBXFileReference; fileEncoding = 4; lastKnownFileType = sourcecode.cpp.cpp; path = Car.cpp; sourceTree = "<group>"; };
		20628A691DD2676D00E3896E /* CarControl.cpp */ = {isa = PBXFileReference; fileEncoding = 4; lastKnownFileType = sourcecode.cpp.cpp; path = CarControl.cpp; sourceTree = "<group>"; };
		20628A6A1DD2676D00E3896E /* CarControl.h */ = {isa = PBXFileReference; fileEncoding = 4; lastKnownFileType = sourcecode.c.h; path = CarControl.h; sourceTree = "<group>"; };
		20628A6C1DD267C800E3896E /* testCarControl.cpp */ = {isa = PBXFileReference; fileEncoding = 4; lastKnownFileType = sourcecode.cpp.cpp; name = testCarControl.cpp; path = ../CarClassTesting/testCarControl.cpp; sourceTree = "<group>"; };
		20628A731DD2758400E3896E /* CarControlTesting */ = {isa = PBXFileReference; explicitFileType = "compiled.mach-o.executable"; includeInIndex = 0; path = CarControlTesting; sourceTree = BUILT_PRODUCTS_DIR; };
/* End PBXFileReference section */

/* Begin PBXFrameworksBuildPhase section */
		2008A5AF1DBFD58E0043B1CF /* Frameworks */ = {
			isa = PBXFrameworksBuildPhase;
			buildActionMask = 2147483647;
			files = (
			);
			runOnlyForDeploymentPostprocessing = 0;
		};
		2008A5BD1DBFD7780043B1CF /* Frameworks */ = {
			isa = PBXFrameworksBuildPhase;
			buildActionMask = 2147483647;
			files = (
				2008A5CC1DBFD7FB0043B1CF /* libboost_unit_test_framework-mt.a in Frameworks */,
				2008A5CD1DBFD7FB0043B1CF /* libboost_unit_test_framework-mt.dylib in Frameworks */,
				2008A5CE1DBFD7FB0043B1CF /* libboost_unit_test_framework.a in Frameworks */,
				2008A5CF1DBFD7FB0043B1CF /* libboost_unit_test_framework.dylib in Frameworks */,
			);
			runOnlyForDeploymentPostprocessing = 0;
		};
		20628A701DD2758400E3896E /* Frameworks */ = {
			isa = PBXFrameworksBuildPhase;
			buildActionMask = 2147483647;
			files = (
				20628A7D1DD277A000E3896E /* libboost_unit_test_framework-mt.a in Frameworks */,
				20628A7E1DD277A000E3896E /* libboost_unit_test_framework-mt.dylib in Frameworks */,
				20628A7F1DD277A000E3896E /* libboost_unit_test_framework.a in Frameworks */,
				20628A801DD277A000E3896E /* libboost_unit_test_framework.dylib in Frameworks */,
			);
			runOnlyForDeploymentPostprocessing = 0;
		};
/* End PBXFrameworksBuildPhase section */

/* Begin PBXGroup section */
		2008A5A91DBFD58E0043B1CF = {
			isa = PBXGroup;
			children = (
				2008A5B41DBFD58E0043B1CF /* CarClass */,
				2008A5C11DBFD7790043B1CF /* CarClassTesting */,
				20628A741DD2758400E3896E /* CarControlTesting */,
				2008A5B31DBFD58E0043B1CF /* Products */,
				2008A5C71DBFD7FB0043B1CF /* Frameworks */,
			);
			sourceTree = "<group>";
		};
		2008A5B31DBFD58E0043B1CF /* Products */ = {
			isa = PBXGroup;
			children = (
				2008A5B21DBFD58E0043B1CF /* CarClass */,
				2008A5C01DBFD7780043B1CF /* CarClassTesting */,
				20628A731DD2758400E3896E /* CarControlTesting */,
			);
			name = Products;
			sourceTree = "<group>";
		};
		2008A5B41DBFD58E0043B1CF /* CarClass */ = {
			isa = PBXGroup;
			children = (
				2008A5B51DBFD58E0043B1CF /* main.cpp */,
				2008A5D01DBFD85A0043B1CF /* Car.h */,
				2008A5D11DBFDD370043B1CF /* Car.cpp */,
				20628A691DD2676D00E3896E /* CarControl.cpp */,
				20628A6A1DD2676D00E3896E /* CarControl.h */,
			);
			path = CarClass;
			sourceTree = "<group>";
		};
		2008A5C11DBFD7790043B1CF /* CarClassTesting */ = {
			isa = PBXGroup;
			children = (
				2008A5C21DBFD7790043B1CF /* testCarClass.cpp */,
			);
			path = CarClassTesting;
			sourceTree = "<group>";
		};
		2008A5C71DBFD7FB0043B1CF /* Frameworks */ = {
			isa = PBXGroup;
			children = (
				2008A5C81DBFD7FB0043B1CF /* libboost_unit_test_framework-mt.a */,
				2008A5C91DBFD7FB0043B1CF /* libboost_unit_test_framework-mt.dylib */,
				2008A5CA1DBFD7FB0043B1CF /* libboost_unit_test_framework.a */,
				2008A5CB1DBFD7FB0043B1CF /* libboost_unit_test_framework.dylib */,
			);
			name = Frameworks;
			sourceTree = "<group>";
		};
		20628A741DD2758400E3896E /* CarControlTesting */ = {
			isa = PBXGroup;
			children = (
				20628A6C1DD267C800E3896E /* testCarControl.cpp */,
			);
			path = CarControlTesting;
			sourceTree = "<group>";
		};
/* End PBXGroup section */

/* Begin PBXNativeTarget section */
		2008A5B11DBFD58E0043B1CF /* CarClass */ = {
			isa = PBXNativeTarget;
			buildConfigurationList = 2008A5B91DBFD58E0043B1CF /* Build configuration list for PBXNativeTarget "CarClass" */;
			buildPhases = (
				2008A5AE1DBFD58E0043B1CF /* Sources */,
				2008A5AF1DBFD58E0043B1CF /* Frameworks */,
				2008A5B01DBFD58E0043B1CF /* CopyFiles */,
			);
			buildRules = (
			);
			dependencies = (
			);
			name = CarClass;
			productName = CarClass;
			productReference = 2008A5B21DBFD58E0043B1CF /* CarClass */;
			productType = "com.apple.product-type.tool";
		};
		2008A5BF1DBFD7780043B1CF /* CarClassTesting */ = {
			isa = PBXNativeTarget;
			buildConfigurationList = 2008A5C41DBFD7790043B1CF /* Build configuration list for PBXNativeTarget "CarClassTesting" */;
			buildPhases = (
				2008A5BC1DBFD7780043B1CF /* Sources */,
				2008A5BD1DBFD7780043B1CF /* Frameworks */,
				2008A5BE1DBFD7780043B1CF /* CopyFiles */,
			);
			buildRules = (
			);
			dependencies = (
			);
			name = CarClassTesting;
			productName = CarClassTesting;
			productReference = 2008A5C01DBFD7780043B1CF /* CarClassTesting */;
			productType = "com.apple.product-type.tool";
		};
		20628A721DD2758400E3896E /* CarControlTesting */ = {
			isa = PBXNativeTarget;
			buildConfigurationList = 20628A771DD2758400E3896E /* Build configuration list for PBXNativeTarget "CarControlTesting" */;
			buildPhases = (
				20628A6F1DD2758400E3896E /* Sources */,
				20628A701DD2758400E3896E /* Frameworks */,
				20628A711DD2758400E3896E /* CopyFiles */,
			);
			buildRules = (
			);
			dependencies = (
			);
			name = CarControlTesting;
			productName = CarControlTesting;
			productReference = 20628A731DD2758400E3896E /* CarControlTesting */;
			productType = "com.apple.product-type.tool";
		};
/* End PBXNativeTarget section */

/* Begin PBXProject section */
		2008A5AA1DBFD58E0043B1CF /* Project object */ = {
			isa = PBXProject;
			attributes = {
				LastUpgradeCheck = 0800;
				ORGANIZATIONNAME = "Иван Калагин";
				TargetAttributes = {
					2008A5B11DBFD58E0043B1CF = {
						CreatedOnToolsVersion = 8.0;
						ProvisioningStyle = Automatic;
					};
					2008A5BF1DBFD7780043B1CF = {
						CreatedOnToolsVersion = 8.0;
						ProvisioningStyle = Automatic;
					};
					20628A721DD2758400E3896E = {
						CreatedOnToolsVersion = 8.1;
						ProvisioningStyle = Automatic;
					};
				};
			};
			buildConfigurationList = 2008A5AD1DBFD58E0043B1CF /* Build configuration list for PBXProject "CarClass" */;
			compatibilityVersion = "Xcode 3.2";
			developmentRegion = English;
			hasScannedForEncodings = 0;
			knownRegions = (
				en,
			);
			mainGroup = 2008A5A91DBFD58E0043B1CF;
			productRefGroup = 2008A5B31DBFD58E0043B1CF /* Products */;
			projectDirPath = "";
			projectRoot = "";
			targets = (
				2008A5B11DBFD58E0043B1CF /* CarClass */,
				2008A5BF1DBFD7780043B1CF /* CarClassTesting */,
				20628A721DD2758400E3896E /* CarControlTesting */,
			);
		};
/* End PBXProject section */

/* Begin PBXSourcesBuildPhase section */
		2008A5AE1DBFD58E0043B1CF /* Sources */ = {
			isa = PBXSourcesBuildPhase;
			buildActionMask = 2147483647;
			files = (
				2008A5D21DBFDD370043B1CF /* Car.cpp in Sources */,
				20628A6B1DD2676D00E3896E /* CarControl.cpp in Sources */,
				2008A5B61DBFD58E0043B1CF /* main.cpp in Sources */,
			);
			runOnlyForDeploymentPostprocessing = 0;
		};
		2008A5BC1DBFD7780043B1CF /* Sources */ = {
			isa = PBXSourcesBuildPhase;
			buildActionMask = 2147483647;
			files = (
				2008A5D31DBFDD370043B1CF /* Car.cpp in Sources */,
				20628A6E1DD267D400E3896E /* CarControl.cpp in Sources */,
				2008A5C31DBFD7790043B1CF /* testCarClass.cpp in Sources */,
			);
			runOnlyForDeploymentPostprocessing = 0;
		};
		20628A6F1DD2758400E3896E /* Sources */ = {
			isa = PBXSourcesBuildPhase;
			buildActionMask = 2147483647;
			files = (
				20628A7C1DD2777400E3896E /* testCarControl.cpp in Sources */,
				20628A7A1DD2775E00E3896E /* Car.cpp in Sources */,
				20628A7B1DD2775E00E3896E /* CarControl.cpp in Sources */,
			);
			runOnlyForDeploymentPostprocessing = 0;
		};
/* End PBXSourcesBuildPhase section */

/* Begin XCBuildConfiguration section */
		2008A5B71DBFD58E0043B1CF /* Debug */ = {
			isa = XCBuildConfiguration;
			buildSettings = {
				ALWAYS_SEARCH_USER_PATHS = NO;
				CLANG_ANALYZER_NONNULL = YES;
				CLANG_CXX_LANGUAGE_STANDARD = "gnu++0x";
				CLANG_CXX_LIBRARY = "libc++";
				CLANG_ENABLE_MODULES = YES;
				CLANG_ENABLE_OBJC_ARC = YES;
				CLANG_WARN_BOOL_CONVERSION = YES;
				CLANG_WARN_CONSTANT_CONVERSION = YES;
				CLANG_WARN_DIRECT_OBJC_ISA_USAGE = YES_ERROR;
				CLANG_WARN_DOCUMENTATION_COMMENTS = YES;
				CLANG_WARN_EMPTY_BODY = YES;
				CLANG_WARN_ENUM_CONVERSION = YES;
				CLANG_WARN_INFINITE_RECURSION = YES;
				CLANG_WARN_INT_CONVERSION = YES;
				CLANG_WARN_OBJC_ROOT_CLASS = YES_ERROR;
				CLANG_WARN_SUSPICIOUS_MOVES = YES;
				CLANG_WARN_UNREACHABLE_CODE = YES;
				CLANG_WARN__DUPLICATE_METHOD_MATCH = YES;
				CODE_SIGN_IDENTITY = "-";
				COPY_PHASE_STRIP = NO;
				DEBUG_INFORMATION_FORMAT = dwarf;
				ENABLE_STRICT_OBJC_MSGSEND = YES;
				ENABLE_TESTABILITY = YES;
				GCC_C_LANGUAGE_STANDARD = gnu99;
				GCC_DYNAMIC_NO_PIC = NO;
				GCC_NO_COMMON_BLOCKS = YES;
				GCC_OPTIMIZATION_LEVEL = 0;
				GCC_PREPROCESSOR_DEFINITIONS = (
					"DEBUG=1",
					"$(inherited)",
				);
				GCC_WARN_64_TO_32_BIT_CONVERSION = YES;
				GCC_WARN_ABOUT_RETURN_TYPE = YES_ERROR;
				GCC_WARN_UNDECLARED_SELECTOR = YES;
				GCC_WARN_UNINITIALIZED_AUTOS = YES_AGGRESSIVE;
				GCC_WARN_UNUSED_FUNCTION = YES;
				GCC_WARN_UNUSED_VARIABLE = YES;
				MACOSX_DEPLOYMENT_TARGET = 10.11;
				MTL_ENABLE_DEBUG_INFO = YES;
				ONLY_ACTIVE_ARCH = YES;
				SDKROOT = macosx;
			};
			name = Debug;
		};
		2008A5B81DBFD58E0043B1CF /* Release */ = {
			isa = XCBuildConfiguration;
			buildSettings = {
				ALWAYS_SEARCH_USER_PATHS = NO;
				CLANG_ANALYZER_NONNULL = YES;
				CLANG_CXX_LANGUAGE_STANDARD = "gnu++0x";
				CLANG_CXX_LIBRARY = "libc++";
				CLANG_ENABLE_MODULES = YES;
				CLANG_ENABLE_OBJC_ARC = YES;
				CLANG_WARN_BOOL_CONVERSION = YES;
				CLANG_WARN_CONSTANT_CONVERSION = YES;
				CLANG_WARN_DIRECT_OBJC_ISA_USAGE = YES_ERROR;
				CLANG_WARN_DOCUMENTATION_COMMENTS = YES;
				CLANG_WARN_EMPTY_BODY = YES;
				CLANG_WARN_ENUM_CONVERSION = YES;
				CLANG_WARN_INFINITE_RECURSION = YES;
				CLANG_WARN_INT_CONVERSION = YES;
				CLANG_WARN_OBJC_ROOT_CLASS = YES_ERROR;
				CLANG_WARN_SUSPICIOUS_MOVES = YES;
				CLANG_WARN_UNREACHABLE_CODE = YES;
				CLANG_WARN__DUPLICATE_METHOD_MATCH = YES;
				CODE_SIGN_IDENTITY = "-";
				COPY_PHASE_STRIP = NO;
				DEBUG_INFORMATION_FORMAT = "dwarf-with-dsym";
				ENABLE_NS_ASSERTIONS = NO;
				ENABLE_STRICT_OBJC_MSGSEND = YES;
				GCC_C_LANGUAGE_STANDARD = gnu99;
				GCC_NO_COMMON_BLOCKS = YES;
				GCC_WARN_64_TO_32_BIT_CONVERSION = YES;
				GCC_WARN_ABOUT_RETURN_TYPE = YES_ERROR;
				GCC_WARN_UNDECLARED_SELECTOR = YES;
				GCC_WARN_UNINITIALIZED_AUTOS = YES_AGGRESSIVE;
				GCC_WARN_UNUSED_FUNCTION = YES;
				GCC_WARN_UNUSED_VARIABLE = YES;
				MACOSX_DEPLOYMENT_TARGET = 10.11;
				MTL_ENABLE_DEBUG_INFO = NO;
				SDKROOT = macosx;
			};
			name = Release;
		};
		2008A5BA1DBFD58E0043B1CF /* Debug */ = {
			isa = XCBuildConfiguration;
			buildSettings = {
				PRODUCT_NAME = "$(TARGET_NAME)";
			};
			name = Debug;
		};
		2008A5BB1DBFD58E0043B1CF /* Release */ = {
			isa = XCBuildConfiguration;
			buildSettings = {
				PRODUCT_NAME = "$(TARGET_NAME)";
			};
			name = Release;
		};
		2008A5C51DBFD7790043B1CF /* Debug */ = {
			isa = XCBuildConfiguration;
			buildSettings = {
				HEADER_SEARCH_PATHS = /usr/local/Cellar/boost/1.61.0_1/include;
				LIBRARY_SEARCH_PATHS = /usr/local/Cellar/boost/1.61.0_1/lib/;
				PRODUCT_NAME = "$(TARGET_NAME)";
			};
			name = Debug;
		};
		2008A5C61DBFD7790043B1CF /* Release */ = {
			isa = XCBuildConfiguration;
			buildSettings = {
				HEADER_SEARCH_PATHS = /usr/local/Cellar/boost/1.61.0_1/include;
				LIBRARY_SEARCH_PATHS = /usr/local/Cellar/boost/1.61.0_1/lib/;
				PRODUCT_NAME = "$(TARGET_NAME)";
			};
			name = Release;
		};
		20628A781DD2758400E3896E /* Debug */ = {
			isa = XCBuildConfiguration;
			buildSettings = {
				HEADER_SEARCH_PATHS = /usr/local/Cellar/boost/1.61.0_1/include;
				PRODUCT_NAME = "$(TARGET_NAME)";
			};
			name = Debug;
		};
		20628A791DD2758400E3896E /* Release */ = {
			isa = XCBuildConfiguration;
			buildSettings = {
				HEADER_SEARCH_PATHS = /usr/local/Cellar/boost/1.61.0_1/include;
				PRODUCT_NAME = "$(TARGET_NAME)";
			};
			name = Release;
		};
/* End XCBuildConfiguration section */

/* Begin XCConfigurationList section */
		2008A5AD1DBFD58E0043B1CF /* Build configuration list for PBXProject "CarClass" */ = {
			isa = XCConfigurationList;
			buildConfigurations = (
				2008A5B71DBFD58E0043B1CF /* Debug */,
				2008A5B81DBFD58E0043B1CF /* Release */,
			);
			defaultConfigurationIsVisible = 0;
			defaultConfigurationName = Debug;
		};
		2008A5B91DBFD58E0043B1CF /* Build configuration list for PBXNativeTarget "CarClass" */ = {
			isa = XCConfigurationList;
			buildConfigurations = (
				2008A5BA1DBFD58E0043B1CF /* Debug */,
				2008A5BB1DBFD58E0043B1CF /* Release */,
			);
			defaultConfigurationIsVisible = 0;
			defaultConfigurationName = Debug;
		};
		2008A5C41DBFD7790043B1CF /* Build configuration list for PBXNativeTarget "CarClassTesting" */ = {
			isa = XCConfigurationList;
			buildConfigurations = (
				2008A5C51DBFD7790043B1CF /* Debug */,
				2008A5C61DBFD7790043B1CF /* Release */,
			);
			defaultConfigurationIsVisible = 0;
			defaultConfigurationName = Debug;
		};
		20628A771DD2758400E3896E /* Build configuration list for PBXNativeTarget "CarControlTesting" */ = {
			isa = XCConfigurationList;
			buildConfigurations = (
				20628A781DD2758400E3896E /* Debug */,
				20628A791DD2758400E3896E /* Release */,
			);
			defaultConfigurationIsVisible = 0;
		};
/* End XCConfigurationList section */
	};
	rootObject = 2008A5AA1DBFD58E0043B1CF /* Project object */;
}
